{
    "version": 3,
    "terraform_version": "0.10.4",
    "serial": 6,
    "lineage": "9db865d4-aa8b-4aae-8e2d-d29171e2829a",
    "modules": [
        {
            "path": [
                "root"
            ],
            "outputs": {},
            "resources": {
                "aws_instance.raccoon1": {
                    "type": "aws_instance",
                    "depends_on": [],
                    "primary": {
                        "id": "i-025162b9d091a86b6",
                        "attributes": {
                            "ami": "ami-ab04e4d3",
                            "associate_public_ip_address": "true",
                            "availability_zone": "us-west-2c",
                            "disable_api_termination": "false",
                            "ebs_block_device.#": "0",
                            "ebs_optimized": "false",
                            "ephemeral_block_device.#": "0",
                            "iam_instance_profile": "",
                            "id": "i-025162b9d091a86b6",
                            "instance_state": "running",
                            "instance_type": "t1.micro",
                            "ipv6_addresses.#": "0",
                            "key_name": "",
                            "monitoring": "false",
                            "network_interface.#": "0",
                            "network_interface_id": "eni-a3b0d9a0",
                            "primary_network_interface_id": "eni-a3b0d9a0",
                            "private_dns": "ip-172-31-15-82.us-west-2.compute.internal",
                            "private_ip": "172.31.15.82",
                            "public_dns": "ec2-52-27-8-194.us-west-2.compute.amazonaws.com",
                            "public_ip": "52.27.8.194",
                            "root_block_device.#": "1",
                            "root_block_device.0.delete_on_termination": "true",
                            "root_block_device.0.iops": "100",
                            "root_block_device.0.volume_size": "8",
                            "root_block_device.0.volume_type": "gp2",
                            "security_groups.#": "0",
                            "source_dest_check": "true",
                            "subnet_id": "subnet-132aa94a",
                            "tags.%": "0",
                            "tenancy": "default",
                            "volume_tags.%": "0",
                            "vpc_security_group_ids.#": "1",
                            "vpc_security_group_ids.1540224438": "sg-f4e26490"
                        },
                        "meta": {
                            "e2bfb730-ecaa-11e6-8f88-34363bc7c4c0": {
                                "create": 600000000000,
                                "delete": 600000000000,
                                "update": 600000000000
                            },
                            "schema_version": "1"
                        },
                        "tainted": false
                    },
                    "deposed": [],
                    "provider": ""
                }
            },
            "depends_on": []
        }
    ]
}
